
Microsoft Visual Studio Solution File, Format Version 12.00
# Visual Studio Version 16
VisualStudioVersion = 16.0.31702.278
MinimumVisualStudioVersion = 10.0.40219.1
Project("{9A19103F-16F7-4668-BE54-9A1E7A4F7556}") = "BayernData", "BayernData.csproj", "{BA4AB3BB-C4D1-4C04-AD87-D29F62975FA1}"
EndProject
Global
	GlobalSection(SolutionConfigurationPlatforms) = preSolution
		Debug|Any CPU = Debug|Any CPU
		Release|Any CPU = Release|Any CPU
	EndGlobalSection
	GlobalSection(ProjectConfigurationPlatforms) = postSolution
		{BA4AB3BB-C4D1-4C04-AD87-D29F62975FA1}.Debug|Any CPU.ActiveCfg = Debug|Any CPU
		{BA4AB3BB-C4D1-4C04-AD87-D29F62975FA1}.Debug|Any CPU.Build.0 = Debug|Any CPU
		{BA4AB3BB-C4D1-4C04-AD87-D29F62975FA1}.Release|Any CPU.ActiveCfg = Release|Any CPU
		{BA4AB3BB-C4D1-4C04-AD87-D29F62975FA1}.Release|Any CPU.Build.0 = Release|Any CPU
	EndGlobalSection
	GlobalSection(SolutionProperties) = preSolution
		HideSolutionNode = FALSE
	EndGlobalSection
	GlobalSection(ExtensibilityGlobals) = postSolution
		SolutionGuid = {4B7603AA-F0E3-432C-8D8D-916736AE02D4}
	EndGlobalSection
EndGlobal
